
Microsoft Visual Studio Solution File, Format Version 12.00
# Visual Studio Version 17
VisualStudioVersion = 17.5.33516.290
MinimumVisualStudioVersion = 10.0.40219.1
Project("{FAE04EC0-301F-11D3-BF4B-00C04F79EFBC}") = "FooClassLibrary", "FooClassLibrary\FooClassLibrary.csproj", "{D8B2D2EF-35C4-487D-B974-571F7B015FCB}"
EndProject
Project("{FAE04EC0-301F-11D3-BF4B-00C04F79EFBC}") = "FoolibraryTests", "FoolibraryTests\FoolibraryTests.csproj", "{3C93F7A2-AB62-4BD9-8D5C-995942161FEF}"
EndProject
Global
	GlobalSection(SolutionConfigurationPlatforms) = preSolution
		Debug|Any CPU = Debug|Any CPU
		Release|Any CPU = Release|Any CPU
	EndGlobalSection
	GlobalSection(ProjectConfigurationPlatforms) = postSolution
		{D8B2D2EF-35C4-487D-B974-571F7B015FCB}.Debug|Any CPU.ActiveCfg = Debug|Any CPU
		{D8B2D2EF-35C4-487D-B974-571F7B015FCB}.Debug|Any CPU.Build.0 = Debug|Any CPU
		{D8B2D2EF-35C4-487D-B974-571F7B015FCB}.Release|Any CPU.ActiveCfg = Release|Any CPU
		{D8B2D2EF-35C4-487D-B974-571F7B015FCB}.Release|Any CPU.Build.0 = Release|Any CPU
		{3C93F7A2-AB62-4BD9-8D5C-995942161FEF}.Debug|Any CPU.ActiveCfg = Debug|Any CPU
		{3C93F7A2-AB62-4BD9-8D5C-995942161FEF}.Debug|Any CPU.Build.0 = Debug|Any CPU
		{3C93F7A2-AB62-4BD9-8D5C-995942161FEF}.Release|Any CPU.ActiveCfg = Release|Any CPU
		{3C93F7A2-AB62-4BD9-8D5C-995942161FEF}.Release|Any CPU.Build.0 = Release|Any CPU
	EndGlobalSection
	GlobalSection(SolutionProperties) = preSolution
		HideSolutionNode = FALSE
	EndGlobalSection
	GlobalSection(ExtensibilityGlobals) = postSolution
		SolutionGuid = {F9AF5214-BDE7-46CB-AC0D-02BF48C953A7}
	EndGlobalSection
EndGlobal
